
Microsoft Visual Studio Solution File, Format Version 12.00
# Visual Studio Version 16
VisualStudioVersion = 16.0.30611.23
MinimumVisualStudioVersion = 10.0.40219.1
Project("{888888A0-9F3D-457C-B088-3A5042F75D52}") = "hangman", "hangman\hangman.pyproj", "{7F54DB20-2384-407E-91EC-5E00004CD2F5}"
EndProject
Global
	GlobalSection(SolutionConfigurationPlatforms) = preSolution
		Debug|Any CPU = Debug|Any CPU
		Release|Any CPU = Release|Any CPU
	EndGlobalSection
	GlobalSection(ProjectConfigurationPlatforms) = postSolution
		{7F54DB20-2384-407E-91EC-5E00004CD2F5}.Debug|Any CPU.ActiveCfg = Debug|Any CPU
		{7F54DB20-2384-407E-91EC-5E00004CD2F5}.Release|Any CPU.ActiveCfg = Release|Any CPU
	EndGlobalSection
	GlobalSection(SolutionProperties) = preSolution
		HideSolutionNode = FALSE
	EndGlobalSection
	GlobalSection(ExtensibilityGlobals) = postSolution
		SolutionGuid = {3167E6A9-7576-4CA8-B29F-E2D97A9DB9FE}
	EndGlobalSection
EndGlobal
